
Microsoft Visual Studio Solution File, Format Version 12.00
# Visual Studio 15
VisualStudioVersion = 15.0.27428.2037
MinimumVisualStudioVersion = 10.0.40219.1
Project("{FAE04EC0-301F-11D3-BF4B-00C04F79EFBC}") = "Biblio_IntegratC", "Biblio_IntegratC\Biblio_IntegratC.csproj", "{8A79407B-D37C-4ADA-9BDF-181C1EA1DD74}"
EndProject
Project("{FAE04EC0-301F-11D3-BF4B-00C04F79EFBC}") = "UnitTest", "UnitTest\UnitTest.csproj", "{82D53CCA-9E45-45B1-9185-F9132E616455}"
EndProject
Global
	GlobalSection(SolutionConfigurationPlatforms) = preSolution
		Debug|Any CPU = Debug|Any CPU
		Release|Any CPU = Release|Any CPU
	EndGlobalSection
	GlobalSection(ProjectConfigurationPlatforms) = postSolution
		{8A79407B-D37C-4ADA-9BDF-181C1EA1DD74}.Debug|Any CPU.ActiveCfg = Debug|Any CPU
		{8A79407B-D37C-4ADA-9BDF-181C1EA1DD74}.Debug|Any CPU.Build.0 = Debug|Any CPU
		{8A79407B-D37C-4ADA-9BDF-181C1EA1DD74}.Release|Any CPU.ActiveCfg = Release|Any CPU
		{8A79407B-D37C-4ADA-9BDF-181C1EA1DD74}.Release|Any CPU.Build.0 = Release|Any CPU
		{82D53CCA-9E45-45B1-9185-F9132E616455}.Debug|Any CPU.ActiveCfg = Debug|Any CPU
		{82D53CCA-9E45-45B1-9185-F9132E616455}.Debug|Any CPU.Build.0 = Debug|Any CPU
		{82D53CCA-9E45-45B1-9185-F9132E616455}.Release|Any CPU.ActiveCfg = Release|Any CPU
		{82D53CCA-9E45-45B1-9185-F9132E616455}.Release|Any CPU.Build.0 = Release|Any CPU
	EndGlobalSection
	GlobalSection(SolutionProperties) = preSolution
		HideSolutionNode = FALSE
	EndGlobalSection
	GlobalSection(ExtensibilityGlobals) = postSolution
		SolutionGuid = {15B081E0-22C1-414D-A0DD-5ED667CC6C97}
	EndGlobalSection
EndGlobal
